
Microsoft Visual Studio Solution File, Format Version 12.00
# Visual Studio 15
VisualStudioVersion = 15.0.27004.2010
MinimumVisualStudioVersion = 10.0.40219.1
Project("{FAE04EC0-301F-11D3-BF4B-00C04F79EFBC}") = "ConnectionManager", "ConnectionManager\ConnectionManager.csproj", "{C8FE9700-6674-4FE4-BE7D-91088F12BF9E}"
EndProject
Global
	GlobalSection(SolutionConfigurationPlatforms) = preSolution
		Debug|Any CPU = Debug|Any CPU
		Release|Any CPU = Release|Any CPU
	EndGlobalSection
	GlobalSection(ProjectConfigurationPlatforms) = postSolution
		{C8FE9700-6674-4FE4-BE7D-91088F12BF9E}.Debug|Any CPU.ActiveCfg = Debug|Any CPU
		{C8FE9700-6674-4FE4-BE7D-91088F12BF9E}.Debug|Any CPU.Build.0 = Debug|Any CPU
		{C8FE9700-6674-4FE4-BE7D-91088F12BF9E}.Release|Any CPU.ActiveCfg = Release|Any CPU
		{C8FE9700-6674-4FE4-BE7D-91088F12BF9E}.Release|Any CPU.Build.0 = Release|Any CPU
	EndGlobalSection
	GlobalSection(SolutionProperties) = preSolution
		HideSolutionNode = FALSE
	EndGlobalSection
	GlobalSection(ExtensibilityGlobals) = postSolution
		SolutionGuid = {DE58504D-A9D2-466C-95F3-6B6978C90C7B}
	EndGlobalSection
EndGlobal
